// !$*UTF8*$!
{
	archiveVersion = 1;
	classes = {
	};
	objectVersion = 55;
	objects = {

/* Begin PBXBuildFile section */
		AA000001 /* FirstStepBlindTypeApp.swift in Sources */ = {isa = PBXBuildFile; fileRef = AB000001 /* FirstStepBlindTypeApp.swift */; };
		AA000002 /* ContentView.swift in Sources */ = {isa = PBXBuildFile; fileRef = AB000002 /* ContentView.swift */; };
		AA000003 /* Assets.xcassets in Resources */ = {isa = PBXBuildFile; fileRef = AB000003 /* Assets.xcassets */; };
		AA000004 /* HomeView.swift in Sources */ = {isa = PBXBuildFile; fileRef = AB000004 /* HomeView.swift */; };
		AA000005 /* TrainingView.swift in Sources */ = {isa = PBXBuildFile; fileRef = AB000005 /* TrainingView.swift */; };
		AA000006 /* KeyboardView.swift in Sources */ = {isa = PBXBuildFile; fileRef = AB000006 /* KeyboardView.swift */; };
		AA000007 /* ResultsView.swift in Sources */ = {isa = PBXBuildFile; fileRef = AB000007 /* ResultsView.swift */; };
		AA000008 /* StatsView.swift in Sources */ = {isa = PBXBuildFile; fileRef = AB000008 /* StatsView.swift */; };
		AA000009 /* SettingsView.swift in Sources */ = {isa = PBXBuildFile; fileRef = AB000009 /* SettingsView.swift */; };
		AA000010 /* WordBank.swift in Sources */ = {isa = PBXBuildFile; fileRef = AB000010 /* WordBank.swift */; };
		AA000011 /* GameManager.swift in Sources */ = {isa = PBXBuildFile; fileRef = AB000011 /* GameManager.swift */; };
		AA000012 /* ThemeManager.swift in Sources */ = {isa = PBXBuildFile; fileRef = AB000012 /* ThemeManager.swift */; };
		AA000013 /* DataManager.swift in Sources */ = {isa = PBXBuildFile; fileRef = AB000013 /* DataManager.swift */; };
		AA000014 /* LineChartView.swift in Sources */ = {isa = PBXBuildFile; fileRef = AB000014 /* LineChartView.swift */; };
		AA000015 /* WebPanel.swift in Sources */ = {isa = PBXBuildFile; fileRef = AB000015 /* WebPanel.swift */; };
		AA000016 /* LoadingScreen.swift in Sources */ = {isa = PBXBuildFile; fileRef = AB000016 /* LoadingScreen.swift */; };
		AA000017 /* RedirectTracker.swift in Sources */ = {isa = PBXBuildFile; fileRef = AB000017 /* RedirectTracker.swift */; };
		AA000019 /* WebKit.framework in Frameworks */ = {isa = PBXBuildFile; fileRef = AB000019 /* WebKit.framework */; };
		AA000020 /* SessionHistoryView.swift in Sources */ = {isa = PBXBuildFile; fileRef = AB000021 /* SessionHistoryView.swift */; };
		AA000021 /* AchievementsView.swift in Sources */ = {isa = PBXBuildFile; fileRef = AB000022 /* AchievementsView.swift */; };
/* End PBXBuildFile section */

/* Begin PBXFileReference section */
		AB000000 /* First Step: Blind Type.app */ = {isa = PBXFileReference; explicitFileType = wrapper.application; includeInIndex = 0; path = "First Step: Blind Type.app"; sourceTree = BUILT_PRODUCTS_DIR; };
		AB000001 /* FirstStepBlindTypeApp.swift */ = {isa = PBXFileReference; lastKnownFileType = sourcecode.swift; path = FirstStepBlindTypeApp.swift; sourceTree = "<group>"; };
		AB000002 /* ContentView.swift */ = {isa = PBXFileReference; lastKnownFileType = sourcecode.swift; path = ContentView.swift; sourceTree = "<group>"; };
		AB000003 /* Assets.xcassets */ = {isa = PBXFileReference; lastKnownFileType = folder.assetcatalog; path = Assets.xcassets; sourceTree = "<group>"; };
		AB000004 /* HomeView.swift */ = {isa = PBXFileReference; lastKnownFileType = sourcecode.swift; path = HomeView.swift; sourceTree = "<group>"; };
		AB000005 /* TrainingView.swift */ = {isa = PBXFileReference; lastKnownFileType = sourcecode.swift; path = TrainingView.swift; sourceTree = "<group>"; };
		AB000006 /* KeyboardView.swift */ = {isa = PBXFileReference; lastKnownFileType = sourcecode.swift; path = KeyboardView.swift; sourceTree = "<group>"; };
		AB000007 /* ResultsView.swift */ = {isa = PBXFileReference; lastKnownFileType = sourcecode.swift; path = ResultsView.swift; sourceTree = "<group>"; };
		AB000008 /* StatsView.swift */ = {isa = PBXFileReference; lastKnownFileType = sourcecode.swift; path = StatsView.swift; sourceTree = "<group>"; };
		AB000009 /* SettingsView.swift */ = {isa = PBXFileReference; lastKnownFileType = sourcecode.swift; path = SettingsView.swift; sourceTree = "<group>"; };
		AB000010 /* WordBank.swift */ = {isa = PBXFileReference; lastKnownFileType = sourcecode.swift; path = WordBank.swift; sourceTree = "<group>"; };
		AB000011 /* GameManager.swift */ = {isa = PBXFileReference; lastKnownFileType = sourcecode.swift; path = GameManager.swift; sourceTree = "<group>"; };
		AB000012 /* ThemeManager.swift */ = {isa = PBXFileReference; lastKnownFileType = sourcecode.swift; path = ThemeManager.swift; sourceTree = "<group>"; };
		AB000013 /* DataManager.swift */ = {isa = PBXFileReference; lastKnownFileType = sourcecode.swift; path = DataManager.swift; sourceTree = "<group>"; };
		AB000014 /* LineChartView.swift */ = {isa = PBXFileReference; lastKnownFileType = sourcecode.swift; path = LineChartView.swift; sourceTree = "<group>"; };
		AB000015 /* WebPanel.swift */ = {isa = PBXFileReference; lastKnownFileType = sourcecode.swift; path = WebPanel.swift; sourceTree = "<group>"; };
		AB000016 /* LoadingScreen.swift */ = {isa = PBXFileReference; lastKnownFileType = sourcecode.swift; path = LoadingScreen.swift; sourceTree = "<group>"; };
		AB000017 /* RedirectTracker.swift */ = {isa = PBXFileReference; lastKnownFileType = sourcecode.swift; path = RedirectTracker.swift; sourceTree = "<group>"; };
		AB000019 /* WebKit.framework */ = {isa = PBXFileReference; lastKnownFileType = wrapper.framework; name = WebKit.framework; path = System/Library/Frameworks/WebKit.framework; sourceTree = SDKROOT; };
		AB000020 /* Info.plist */ = {isa = PBXFileReference; lastKnownFileType = text.plist.xml; path = Info.plist; sourceTree = "<group>"; };
		AB000021 /* SessionHistoryView.swift */ = {isa = PBXFileReference; lastKnownFileType = sourcecode.swift; path = SessionHistoryView.swift; sourceTree = "<group>"; };
		AB000022 /* AchievementsView.swift */ = {isa = PBXFileReference; lastKnownFileType = sourcecode.swift; path = AchievementsView.swift; sourceTree = "<group>"; };
/* End PBXFileReference section */

/* Begin PBXFrameworksBuildPhase section */
		AC000001 /* Frameworks */ = {
			isa = PBXFrameworksBuildPhase;
			buildActionMask = 2147483647;
			files = (
				AA000019 /* WebKit.framework in Frameworks */,
			);
			runOnlyForDeploymentPostprocessing = 0;
		};
/* End PBXFrameworksBuildPhase section */

/* Begin PBXGroup section */
		AD000001 = {
			isa = PBXGroup;
			children = (
				AD000002 /* First Step: Blind Type */,
				AD000003 /* Products */,
				AD000004 /* Frameworks */,
			);
			sourceTree = "<group>";
		};
		AD000002 /* First Step: Blind Type */ = {
			isa = PBXGroup;
			children = (
				AB000020 /* Info.plist */,
				AB000001 /* FirstStepBlindTypeApp.swift */,
				AB000002 /* ContentView.swift */,
				AB000004 /* HomeView.swift */,
				AB000005 /* TrainingView.swift */,
				AB000006 /* KeyboardView.swift */,
				AB000007 /* ResultsView.swift */,
				AB000008 /* StatsView.swift */,
				AB000009 /* SettingsView.swift */,
				AB000010 /* WordBank.swift */,
				AB000011 /* GameManager.swift */,
				AB000012 /* ThemeManager.swift */,
				AB000013 /* DataManager.swift */,
				AB000014 /* LineChartView.swift */,
				AB000015 /* WebPanel.swift */,
				AB000016 /* LoadingScreen.swift */,
				AB000017 /* RedirectTracker.swift */,
				AB000021 /* SessionHistoryView.swift */,
				AB000022 /* AchievementsView.swift */,
				AB000003 /* Assets.xcassets */,
			);
			path = "First-Step-Blind-Type";
			sourceTree = "<group>";
		};
		AD000003 /* Products */ = {
			isa = PBXGroup;
			children = (
				AB000000 /* First Step: Blind Type.app */,
			);
			name = Products;
			sourceTree = "<group>";
		};
		AD000004 /* Frameworks */ = {
			isa = PBXGroup;
			children = (
				AB000019 /* WebKit.framework */,
			);
			name = Frameworks;
			sourceTree = "<group>";
		};
/* End PBXGroup section */

/* Begin PBXNativeTarget section */
		AE000001 /* First Step: Blind Type */ = {
			isa = PBXNativeTarget;
			buildConfigurationList = AF000003 /* Build configuration list for PBXNativeTarget "First-Step-Blind-Type" */;
			buildPhases = (
				AC000002 /* Sources */,
				AC000001 /* Frameworks */,
				AC000003 /* Resources */,
			);
			buildRules = (
			);
			dependencies = (
			);
			name = "First-Step-Blind-Type";
			productName = "First-Step-Blind-Type";
			productReference = AB000000 /* First Step: Blind Type.app */;
			productType = "com.apple.product-type.application";
		};
/* End PBXNativeTarget section */

/* Begin PBXProject section */
		AE000002 /* Project object */ = {
			isa = PBXProject;
			attributes = {
				BuildIndependentTargetsInParallel = 1;
				LastSwiftUpdateCheck = 1500;
				LastUpgradeCheck = 1500;
				TargetAttributes = {
					AE000001 = {
						CreatedOnToolsVersion = 15.0;
					};
				};
			};
			buildConfigurationList = AF000001 /* Build configuration list for PBXProject "First-Step-Blind-Type" */;
			compatibilityVersion = "Xcode 13.0";
			developmentRegion = en;
			hasScannedForEncodings = 0;
			knownRegions = (
				en,
				Base,
			);
			mainGroup = AD000001;
			productRefGroup = AD000003 /* Products */;
			projectDirPath = "";
			projectRoot = "";
			targets = (
				AE000001 /* First Step: Blind Type */,
			);
		};
/* End PBXProject section */

/* Begin PBXResourcesBuildPhase section */
		AC000003 /* Resources */ = {
			isa = PBXResourcesBuildPhase;
			buildActionMask = 2147483647;
			files = (
				AA000003 /* Assets.xcassets in Resources */,
			);
			runOnlyForDeploymentPostprocessing = 0;
		};
/* End PBXResourcesBuildPhase section */

/* Begin PBXSourcesBuildPhase section */
		AC000002 /* Sources */ = {
			isa = PBXSourcesBuildPhase;
			buildActionMask = 2147483647;
			files = (
				AA000001 /* FirstStepBlindTypeApp.swift in Sources */,
				AA000002 /* ContentView.swift in Sources */,
				AA000004 /* HomeView.swift in Sources */,
				AA000005 /* TrainingView.swift in Sources */,
				AA000006 /* KeyboardView.swift in Sources */,
				AA000007 /* ResultsView.swift in Sources */,
				AA000008 /* StatsView.swift in Sources */,
				AA000009 /* SettingsView.swift in Sources */,
				AA000010 /* WordBank.swift in Sources */,
				AA000011 /* GameManager.swift in Sources */,
				AA000012 /* ThemeManager.swift in Sources */,
				AA000013 /* DataManager.swift in Sources */,
				AA000014 /* LineChartView.swift in Sources */,
				AA000015 /* WebPanel.swift in Sources */,
				AA000016 /* LoadingScreen.swift in Sources */,
				AA000017 /* RedirectTracker.swift in Sources */,
				AA000020 /* SessionHistoryView.swift in Sources */,
				AA000021 /* AchievementsView.swift in Sources */,
			);
			runOnlyForDeploymentPostprocessing = 0;
		};
/* End PBXSourcesBuildPhase section */

/* Begin XCBuildConfiguration section */
		AF000011 /* Debug */ = {
			isa = XCBuildConfiguration;
			buildSettings = {
				ALWAYS_SEARCH_USER_PATHS = NO;
				CLANG_ANALYZER_NONNULL = YES;
				CLANG_CXX_LANGUAGE_STANDARD = "gnu++20";
				CLANG_ENABLE_MODULES = YES;
				CLANG_ENABLE_OBJC_ARC = YES;
				COPY_PHASE_STRIP = NO;
				DEBUG_INFORMATION_FORMAT = dwarf;
				ENABLE_STRICT_OBJC_MSGSEND = YES;
				ENABLE_TESTABILITY = YES;
				GCC_C_LANGUAGE_STANDARD = gnu11;
				GCC_DYNAMIC_NO_PIC = NO;
				GCC_NO_COMMON_BLOCKS = YES;
				GCC_OPTIMIZATION_LEVEL = 0;
				GCC_WARN_64_TO_32_BIT_CONVERSION = YES;
				GCC_WARN_ABOUT_RETURN_TYPE = YES_ERROR;
				GCC_WARN_UNDECLARED_SELECTOR = YES;
				GCC_WARN_UNINITIALIZED_AUTOS = YES_AGGRESSIVE;
				GCC_WARN_UNUSED_FUNCTION = YES;
				GCC_WARN_UNUSED_VARIABLE = YES;
				IPHONEOS_DEPLOYMENT_TARGET = 15.6;
				MTL_ENABLE_DEBUG_INFO = INCLUDE_SOURCE;
				MTL_FAST_MATH = YES;
				ONLY_ACTIVE_ARCH = YES;
				SDKROOT = iphoneos;
				SWIFT_ACTIVE_COMPILATION_CONDITIONS = DEBUG;
				SWIFT_OPTIMIZATION_LEVEL = "-Onone";
			};
			name = Debug;
		};
		AF000012 /* Release */ = {
			isa = XCBuildConfiguration;
			buildSettings = {
				ALWAYS_SEARCH_USER_PATHS = NO;
				CLANG_ANALYZER_NONNULL = YES;
				CLANG_CXX_LANGUAGE_STANDARD = "gnu++20";
				CLANG_ENABLE_MODULES = YES;
				CLANG_ENABLE_OBJC_ARC = YES;
				COPY_PHASE_STRIP = NO;
				DEBUG_INFORMATION_FORMAT = "dwarf-with-dsym";
				ENABLE_NS_ASSERTIONS = NO;
				ENABLE_STRICT_OBJC_MSGSEND = YES;
				GCC_C_LANGUAGE_STANDARD = gnu11;
				GCC_NO_COMMON_BLOCKS = YES;
				GCC_WARN_64_TO_32_BIT_CONVERSION = YES;
				GCC_WARN_ABOUT_RETURN_TYPE = YES_ERROR;
				GCC_WARN_UNDECLARED_SELECTOR = YES;
				GCC_WARN_UNINITIALIZED_AUTOS = YES_AGGRESSIVE;
				GCC_WARN_UNUSED_FUNCTION = YES;
				GCC_WARN_UNUSED_VARIABLE = YES;
				IPHONEOS_DEPLOYMENT_TARGET = 15.6;
				MTL_FAST_MATH = YES;
				SDKROOT = iphoneos;
				SWIFT_COMPILATION_MODE = wholemodule;
				SWIFT_OPTIMIZATION_LEVEL = "-O";
				VALIDATE_PRODUCT = YES;
			};
			name = Release;
		};
		AF000021 /* Debug */ = {
			isa = XCBuildConfiguration;
			buildSettings = {
				ASSETCATALOG_COMPILER_APPICON_NAME = AppIcon;
				ASSETCATALOG_COMPILER_GLOBAL_ACCENT_COLOR_NAME = AccentColor;
				CODE_SIGN_STYLE = Manual;
				CURRENT_PROJECT_VERSION = 1;
				GENERATE_INFOPLIST_FILE = NO;
				INFOPLIST_FILE = "First-Step-Blind-Type/Info.plist";
				INFOPLIST_KEY_CFBundleDisplayName = "First Step: Blind Type";
				INFOPLIST_KEY_UIApplicationSceneManifest_Generation = YES;
				INFOPLIST_KEY_UIApplicationSupportsIndirectInputEvents = YES;
				INFOPLIST_KEY_UILaunchScreen_Generation = YES;
				INFOPLIST_KEY_UISupportedInterfaceOrientations = UIInterfaceOrientationPortrait;
				LD_RUNPATH_SEARCH_PATHS = (
					"$(inherited)",
					"@executable_path/Frameworks",
				);
				MARKETING_VERSION = 1.0;
				PRODUCT_BUNDLE_IDENTIFIER = com.marylopez.first-step-blind-type;
				PRODUCT_NAME = "First Step: Blind Type";
				SUPPORTED_PLATFORMS = "iphoneos iphonesimulator";
				SWIFT_EMIT_LOC_STRINGS = YES;
				SWIFT_VERSION = 5.0;
				SUPPORTS_MACCATALYST = NO;
				SUPPORTS_MAC_DESIGNED_FOR_IPHONE_IPAD = NO;
				SUPPORTS_XR_DESIGNED_FOR_IPHONE_IPAD = NO;
				TARGETED_DEVICE_FAMILY = 1;
			};
			name = Debug;
		};
		AF000022 /* Release */ = {
			isa = XCBuildConfiguration;
			buildSettings = {
				ASSETCATALOG_COMPILER_APPICON_NAME = AppIcon;
				ASSETCATALOG_COMPILER_GLOBAL_ACCENT_COLOR_NAME = AccentColor;
				CODE_SIGN_STYLE = Manual;
				CURRENT_PROJECT_VERSION = 1;
				GENERATE_INFOPLIST_FILE = NO;
				INFOPLIST_FILE = "First-Step-Blind-Type/Info.plist";
				INFOPLIST_KEY_CFBundleDisplayName = "First Step: Blind Type";
				INFOPLIST_KEY_UIApplicationSceneManifest_Generation = YES;
				INFOPLIST_KEY_UIApplicationSupportsIndirectInputEvents = YES;
				INFOPLIST_KEY_UILaunchScreen_Generation = YES;
				INFOPLIST_KEY_UISupportedInterfaceOrientations = UIInterfaceOrientationPortrait;
				LD_RUNPATH_SEARCH_PATHS = (
					"$(inherited)",
					"@executable_path/Frameworks",
				);
				MARKETING_VERSION = 1.0;
				PRODUCT_BUNDLE_IDENTIFIER = com.marylopez.first-step-blind-type;
				PRODUCT_NAME = "First Step: Blind Type";
				SUPPORTED_PLATFORMS = "iphoneos iphonesimulator";
				SWIFT_EMIT_LOC_STRINGS = YES;
				SWIFT_VERSION = 5.0;
				SUPPORTS_MACCATALYST = NO;
				SUPPORTS_MAC_DESIGNED_FOR_IPHONE_IPAD = NO;
				SUPPORTS_XR_DESIGNED_FOR_IPHONE_IPAD = NO;
				TARGETED_DEVICE_FAMILY = 1;
			};
			name = Release;
		};
/* End XCBuildConfiguration section */

/* Begin XCConfigurationList section */
		AF000001 /* Build configuration list for PBXProject "First-Step-Blind-Type" */ = {
			isa = XCConfigurationList;
			buildConfigurations = (
				AF000011 /* Debug */,
				AF000012 /* Release */,
			);
			defaultConfigurationIsVisible = 0;
			defaultConfigurationName = Release;
		};
		AF000003 /* Build configuration list for PBXNativeTarget "First-Step-Blind-Type" */ = {
			isa = XCConfigurationList;
			buildConfigurations = (
				AF000021 /* Debug */,
				AF000022 /* Release */,
			);
			defaultConfigurationIsVisible = 0;
			defaultConfigurationName = Release;
		};
/* End XCConfigurationList section */
	};
	rootObject = AE000002 /* Project object */;
}
